// !$*UTF8*$!
{
	archiveVersion = 1;
	classes = {
	};
	objectVersion = 77;
	objects = {

/* Begin PBXBuildFile section */
		3C012F3F2F88352500C85A79 /* LlamaSwift in Frameworks */ = {isa = PBXBuildFile; productRef = 3C012F3E2F88352500C85A79 /* LlamaSwift */; };
		3C04DE582F8BE0CB001AF1EC /* SkeletonUI in Frameworks */ = {isa = PBXBuildFile; productRef = 3C04DE572F8BE0CB001AF1EC /* SkeletonUI */; };
		3C04DE5B2F8BE0D8001AF1EC /* Flow in Frameworks */ = {isa = PBXBuildFile; productRef = 3C04DE5A2F8BE0D8001AF1EC /* Flow */; };
		3C04DE5E2F8BE0EE001AF1EC /* ExyteGrid in Frameworks */ = {isa = PBXBuildFile; productRef = 3C04DE5D2F8BE0EE001AF1EC /* ExyteGrid */; };
		3C76B0222F13150400223717 /* ZIPFoundation in Frameworks */ = {isa = PBXBuildFile; productRef = 3C76B0212F13150400223717 /* ZIPFoundation */; };
		3C7C421E2F9D81DF0022633F /* WidgetKit.framework in Frameworks */ = {isa = PBXBuildFile; fileRef = 3CBA84D92F2EA215006DB706 /* WidgetKit.framework */; };
		3C7C421F2F9D81DF0022633F /* SwiftUI.framework in Frameworks */ = {isa = PBXBuildFile; fileRef = 3CBA84DB2F2EA215006DB706 /* SwiftUI.framework */; };
		3C7C42302F9D81E00022633F /* CentmondWidgetsExtension.appex in Embed Foundation Extensions */ = {isa = PBXBuildFile; fileRef = 3C7C421D2F9D81DF0022633F /* CentmondWidgetsExtension.appex */; settings = {ATTRIBUTES = (RemoveHeadersOnCopy, ); }; };
		3C9094682F2D6DE5002C123F /* GoogleSignIn in Frameworks */ = {isa = PBXBuildFile; productRef = 3C9094672F2D6DE5002C123F /* GoogleSignIn */; };
		3C90946A2F2D6DE5002C123F /* GoogleSignInSwift in Frameworks */ = {isa = PBXBuildFile; productRef = 3C9094692F2D6DE5002C123F /* GoogleSignInSwift */; };
		3C9FBFFA2F682BDC00776A47 /* WidgetKit.framework in Frameworks */ = {isa = PBXBuildFile; fileRef = 3CBA84D92F2EA215006DB706 /* WidgetKit.framework */; };
		3C9FBFFB2F682BDC00776A47 /* SwiftUI.framework in Frameworks */ = {isa = PBXBuildFile; fileRef = 3CBA84DB2F2EA215006DB706 /* SwiftUI.framework */; };
		3C9FC00C2F682BDD00776A47 /* CentmondWidgetExtension.appex in Embed Foundation Extensions */ = {isa = PBXBuildFile; fileRef = 3C9FBFF92F682BDC00776A47 /* CentmondWidgetExtension.appex */; settings = {ATTRIBUTES = (RemoveHeadersOnCopy, ); }; };
		3CB0A4602F43BF8D008FD90A /* Auth in Frameworks */ = {isa = PBXBuildFile; productRef = 3CB0A45F2F43BF8D008FD90A /* Auth */; };
		3CB0A4622F43BF8D008FD90A /* Functions in Frameworks */ = {isa = PBXBuildFile; productRef = 3CB0A4612F43BF8D008FD90A /* Functions */; };
		3CB0A4642F43BF8D008FD90A /* PostgREST in Frameworks */ = {isa = PBXBuildFile; productRef = 3CB0A4632F43BF8D008FD90A /* PostgREST */; };
		3CB0A4662F43BF8D008FD90A /* Realtime in Frameworks */ = {isa = PBXBuildFile; productRef = 3CB0A4652F43BF8D008FD90A /* Realtime */; };
		3CB0A4682F43BF8D008FD90A /* Storage in Frameworks */ = {isa = PBXBuildFile; productRef = 3CB0A4672F43BF8D008FD90A /* Storage */; };
		3CB0A46A2F43BF8D008FD90A /* Supabase in Frameworks */ = {isa = PBXBuildFile; productRef = 3CB0A4692F43BF8D008FD90A /* Supabase */; };
/* End PBXBuildFile section */

/* Begin PBXContainerItemProxy section */
		3C7C422E2F9D81E00022633F /* PBXContainerItemProxy */ = {
			isa = PBXContainerItemProxy;
			containerPortal = 3C4B99252F047DB8003DAE43 /* Project object */;
			proxyType = 1;
			remoteGlobalIDString = 3C7C421C2F9D81DF0022633F;
			remoteInfo = CentmondWidgetsExtension;
		};
		3C9FC00A2F682BDD00776A47 /* PBXContainerItemProxy */ = {
			isa = PBXContainerItemProxy;
			containerPortal = 3C4B99252F047DB8003DAE43 /* Project object */;
			proxyType = 1;
			remoteGlobalIDString = 3C9FBFF82F682BDC00776A47;
			remoteInfo = CentmondWidgetExtension;
		};
		AA000A0000000000AA00000A /* PBXContainerItemProxy */ = {
			isa = PBXContainerItemProxy;
			containerPortal = 3C4B99252F047DB8003DAE43 /* Project object */;
			proxyType = 1;
			remoteGlobalIDString = 3C4B992C2F047DB8003DAE43;
			remoteInfo = balance;
		};
/* End PBXContainerItemProxy section */

/* Begin PBXCopyFilesBuildPhase section */
		3CBA84EE2F2EA216006DB706 /* Embed Foundation Extensions */ = {
			isa = PBXCopyFilesBuildPhase;
			buildActionMask = 2147483647;
			dstPath = "";
			dstSubfolderSpec = 13;
			files = (
				3C7C42302F9D81E00022633F /* CentmondWidgetsExtension.appex in Embed Foundation Extensions */,
				3C9FC00C2F682BDD00776A47 /* CentmondWidgetExtension.appex in Embed Foundation Extensions */,
			);
			name = "Embed Foundation Extensions";
			runOnlyForDeploymentPostprocessing = 0;
		};
/* End PBXCopyFilesBuildPhase section */

/* Begin PBXFileReference section */
		3C4B992D2F047DB8003DAE43 /* balance.app */ = {isa = PBXFileReference; explicitFileType = wrapper.application; includeInIndex = 0; path = balance.app; sourceTree = BUILT_PRODUCTS_DIR; };
		3C7C421D2F9D81DF0022633F /* CentmondWidgetsExtension.appex */ = {isa = PBXFileReference; explicitFileType = "wrapper.app-extension"; includeInIndex = 0; path = CentmondWidgetsExtension.appex; sourceTree = BUILT_PRODUCTS_DIR; };
		3C9FBFF92F682BDC00776A47 /* CentmondWidgetExtension.appex */ = {isa = PBXFileReference; explicitFileType = "wrapper.app-extension"; includeInIndex = 0; path = CentmondWidgetExtension.appex; sourceTree = BUILT_PRODUCTS_DIR; };
		3C9FC0112F682C2C00776A47 /* CentmondWidgetExtension.entitlements */ = {isa = PBXFileReference; lastKnownFileType = text.plist.entitlements; path = CentmondWidgetExtension.entitlements; sourceTree = "<group>"; };
		3CBA84D92F2EA215006DB706 /* WidgetKit.framework */ = {isa = PBXFileReference; lastKnownFileType = wrapper.framework; name = WidgetKit.framework; path = System/Library/Frameworks/WidgetKit.framework; sourceTree = SDKROOT; };
		3CBA84DB2F2EA215006DB706 /* SwiftUI.framework */ = {isa = PBXFileReference; lastKnownFileType = wrapper.framework; name = SwiftUI.framework; path = System/Library/Frameworks/SwiftUI.framework; sourceTree = SDKROOT; };
		AA00010000000000AA000001 /* balanceTests.xctest */ = {isa = PBXFileReference; explicitFileType = wrapper.cfbundle; includeInIndex = 0; path = balanceTests.xctest; sourceTree = BUILT_PRODUCTS_DIR; };
/* End PBXFileReference section */

/* Begin PBXFileSystemSynchronizedBuildFileExceptionSet section */
		3C08593A2F3D34D30065D7FD /* Exceptions for "balance" folder in "balance" target */ = {
			isa = PBXFileSystemSynchronizedBuildFileExceptionSet;
			membershipExceptions = (
				Info.plist,
			);
			target = 3C4B992C2F047DB8003DAE43 /* balance */;
		};
		3C7C42342F9D81E00022633F /* Exceptions for "CentmondWidgets" folder in "CentmondWidgetsExtension" target */ = {
			isa = PBXFileSystemSynchronizedBuildFileExceptionSet;
			membershipExceptions = (
				Info.plist,
			);
			target = 3C7C421C2F9D81DF0022633F /* CentmondWidgetsExtension */;
		};
		3C7C423C2F9D83E40022633F /* Exceptions for "CentmondWidgets" folder in "balance" target */ = {
			isa = PBXFileSystemSynchronizedBuildFileExceptionSet;
			membershipExceptions = (
				BudgetActivityAttributes.swift,
				CycleBudgetPageIntent.swift,
			);
			target = 3C4B992C2F047DB8003DAE43 /* balance */;
		};
		3C9FC0102F682BDD00776A47 /* Exceptions for "CentmondWidget" folder in "CentmondWidgetExtension" target */ = {
			isa = PBXFileSystemSynchronizedBuildFileExceptionSet;
			membershipExceptions = (
				Info.plist,
			);
			target = 3C9FBFF82F682BDC00776A47 /* CentmondWidgetExtension */;
		};
		3C9FC01D2F68311800776A47 /* Exceptions for "CentmondWidget" folder in "balance" target */ = {
			isa = PBXFileSystemSynchronizedBuildFileExceptionSet;
			membershipExceptions = (
				WidgetSharedData.swift,
			);
			target = 3C4B992C2F047DB8003DAE43 /* balance */;
		};
/* End PBXFileSystemSynchronizedBuildFileExceptionSet section */

/* Begin PBXFileSystemSynchronizedRootGroup section */
		3C4B992F2F047DB8003DAE43 /* balance */ = {
			isa = PBXFileSystemSynchronizedRootGroup;
			exceptions = (
				3C08593A2F3D34D30065D7FD /* Exceptions for "balance" folder in "balance" target */,
			);
			path = balance;
			sourceTree = "<group>";
		};
		3C7C42202F9D81DF0022633F /* CentmondWidgets */ = {
			isa = PBXFileSystemSynchronizedRootGroup;
			exceptions = (
				3C7C423C2F9D83E40022633F /* Exceptions for "CentmondWidgets" folder in "balance" target */,
				3C7C42342F9D81E00022633F /* Exceptions for "CentmondWidgets" folder in "CentmondWidgetsExtension" target */,
			);
			path = CentmondWidgets;
			sourceTree = "<group>";
		};
		3C9FBFFC2F682BDC00776A47 /* CentmondWidget */ = {
			isa = PBXFileSystemSynchronizedRootGroup;
			exceptions = (
				3C9FC01D2F68311800776A47 /* Exceptions for "CentmondWidget" folder in "balance" target */,
				3C9FC0102F682BDD00776A47 /* Exceptions for "CentmondWidget" folder in "CentmondWidgetExtension" target */,
			);
			path = CentmondWidget;
			sourceTree = "<group>";
		};
		AA00020000000000AA000002 /* balanceTests */ = {
			isa = PBXFileSystemSynchronizedRootGroup;
			path = balanceTests;
			sourceTree = "<group>";
		};
/* End PBXFileSystemSynchronizedRootGroup section */

/* Begin PBXFrameworksBuildPhase section */
		3C4B992A2F047DB8003DAE43 /* Frameworks */ = {
			isa = PBXFrameworksBuildPhase;
			buildActionMask = 2147483647;
			files = (
				3C012F3F2F88352500C85A79 /* LlamaSwift in Frameworks */,
				3CB0A4622F43BF8D008FD90A /* Functions in Frameworks */,
				3C76B0222F13150400223717 /* ZIPFoundation in Frameworks */,
				3CB0A4642F43BF8D008FD90A /* PostgREST in Frameworks */,
				3CB0A4682F43BF8D008FD90A /* Storage in Frameworks */,
				3CB0A4662F43BF8D008FD90A /* Realtime in Frameworks */,
				3C90946A2F2D6DE5002C123F /* GoogleSignInSwift in Frameworks */,
				3C04DE582F8BE0CB001AF1EC /* SkeletonUI in Frameworks */,
				3C04DE5B2F8BE0D8001AF1EC /* Flow in Frameworks */,
				3C9094682F2D6DE5002C123F /* GoogleSignIn in Frameworks */,
				3CB0A46A2F43BF8D008FD90A /* Supabase in Frameworks */,
				3CB0A4602F43BF8D008FD90A /* Auth in Frameworks */,
				3C04DE5E2F8BE0EE001AF1EC /* ExyteGrid in Frameworks */,
			);
			runOnlyForDeploymentPostprocessing = 0;
		};
		3C7C421A2F9D81DF0022633F /* Frameworks */ = {
			isa = PBXFrameworksBuildPhase;
			buildActionMask = 2147483647;
			files = (
				3C7C421F2F9D81DF0022633F /* SwiftUI.framework in Frameworks */,
				3C7C421E2F9D81DF0022633F /* WidgetKit.framework in Frameworks */,
			);
			runOnlyForDeploymentPostprocessing = 0;
		};
		3C9FBFF62F682BDC00776A47 /* Frameworks */ = {
			isa = PBXFrameworksBuildPhase;
			buildActionMask = 2147483647;
			files = (
				3C9FBFFB2F682BDC00776A47 /* SwiftUI.framework in Frameworks */,
				3C9FBFFA2F682BDC00776A47 /* WidgetKit.framework in Frameworks */,
			);
			runOnlyForDeploymentPostprocessing = 0;
		};
		AA00050000000000AA000005 /* Frameworks */ = {
			isa = PBXFrameworksBuildPhase;
			buildActionMask = 2147483647;
			files = (
			);
			runOnlyForDeploymentPostprocessing = 0;
		};
/* End PBXFrameworksBuildPhase section */

/* Begin PBXGroup section */
		3C4B99242F047DB8003DAE43 = {
			isa = PBXGroup;
			children = (
				3C9FC0112F682C2C00776A47 /* CentmondWidgetExtension.entitlements */,
				3C4B992F2F047DB8003DAE43 /* balance */,
				AA00020000000000AA000002 /* balanceTests */,
				3C9FBFFC2F682BDC00776A47 /* CentmondWidget */,
				3C7C42202F9D81DF0022633F /* CentmondWidgets */,
				3CBA84D82F2EA215006DB706 /* Frameworks */,
				3C4B992E2F047DB8003DAE43 /* Products */,
			);
			sourceTree = "<group>";
		};
		3C4B992E2F047DB8003DAE43 /* Products */ = {
			isa = PBXGroup;
			children = (
				3C4B992D2F047DB8003DAE43 /* balance.app */,
				3C9FBFF92F682BDC00776A47 /* CentmondWidgetExtension.appex */,
				AA00010000000000AA000001 /* balanceTests.xctest */,
				3C7C421D2F9D81DF0022633F /* CentmondWidgetsExtension.appex */,
			);
			name = Products;
			sourceTree = "<group>";
		};
		3CBA84D82F2EA215006DB706 /* Frameworks */ = {
			isa = PBXGroup;
			children = (
				3CBA84D92F2EA215006DB706 /* WidgetKit.framework */,
				3CBA84DB2F2EA215006DB706 /* SwiftUI.framework */,
			);
			name = Frameworks;
			sourceTree = "<group>";
		};
/* End PBXGroup section */

/* Begin PBXNativeTarget section */
		3C4B992C2F047DB8003DAE43 /* balance */ = {
			isa = PBXNativeTarget;
			buildConfigurationList = 3C4B99382F047DB8003DAE43 /* Build configuration list for PBXNativeTarget "balance" */;
			buildPhases = (
				3C4B99292F047DB8003DAE43 /* Sources */,
				3C4B992A2F047DB8003DAE43 /* Frameworks */,
				3C4B992B2F047DB8003DAE43 /* Resources */,
				3CBA84EE2F2EA216006DB706 /* Embed Foundation Extensions */,
			);
			buildRules = (
			);
			dependencies = (
				3C9FC00B2F682BDD00776A47 /* PBXTargetDependency */,
				3C7C422F2F9D81E00022633F /* PBXTargetDependency */,
			);
			fileSystemSynchronizedGroups = (
				3C4B992F2F047DB8003DAE43 /* balance */,
			);
			name = balance;
			packageProductDependencies = (
				3C76B0212F13150400223717 /* ZIPFoundation */,
				3C9094672F2D6DE5002C123F /* GoogleSignIn */,
				3C9094692F2D6DE5002C123F /* GoogleSignInSwift */,
				3CB0A45F2F43BF8D008FD90A /* Auth */,
				3CB0A4612F43BF8D008FD90A /* Functions */,
				3CB0A4632F43BF8D008FD90A /* PostgREST */,
				3CB0A4652F43BF8D008FD90A /* Realtime */,
				3CB0A4672F43BF8D008FD90A /* Storage */,
				3CB0A4692F43BF8D008FD90A /* Supabase */,
				3C012F3E2F88352500C85A79 /* LlamaSwift */,
				3C04DE572F8BE0CB001AF1EC /* SkeletonUI */,
				3C04DE5A2F8BE0D8001AF1EC /* Flow */,
				3C04DE5D2F8BE0EE001AF1EC /* ExyteGrid */,
			);
			productName = balance;
			productReference = 3C4B992D2F047DB8003DAE43 /* balance.app */;
			productType = "com.apple.product-type.application";
		};
		3C7C421C2F9D81DF0022633F /* CentmondWidgetsExtension */ = {
			isa = PBXNativeTarget;
			buildConfigurationList = 3C7C42312F9D81E00022633F /* Build configuration list for PBXNativeTarget "CentmondWidgetsExtension" */;
			buildPhases = (
				3C7C42192F9D81DF0022633F /* Sources */,
				3C7C421A2F9D81DF0022633F /* Frameworks */,
				3C7C421B2F9D81DF0022633F /* Resources */,
			);
			buildRules = (
			);
			dependencies = (
			);
			fileSystemSynchronizedGroups = (
				3C7C42202F9D81DF0022633F /* CentmondWidgets */,
			);
			name = CentmondWidgetsExtension;
			packageProductDependencies = (
			);
			productName = CentmondWidgetsExtension;
			productReference = 3C7C421D2F9D81DF0022633F /* CentmondWidgetsExtension.appex */;
			productType = "com.apple.product-type.app-extension";
		};
		3C9FBFF82F682BDC00776A47 /* CentmondWidgetExtension */ = {
			isa = PBXNativeTarget;
			buildConfigurationList = 3C9FC00F2F682BDD00776A47 /* Build configuration list for PBXNativeTarget "CentmondWidgetExtension" */;
			buildPhases = (
				3C9FBFF52F682BDC00776A47 /* Sources */,
				3C9FBFF62F682BDC00776A47 /* Frameworks */,
				3C9FBFF72F682BDC00776A47 /* Resources */,
			);
			buildRules = (
			);
			dependencies = (
			);
			fileSystemSynchronizedGroups = (
				3C9FBFFC2F682BDC00776A47 /* CentmondWidget */,
			);
			name = CentmondWidgetExtension;
			packageProductDependencies = (
			);
			productName = CentmondWidgetExtension;
			productReference = 3C9FBFF92F682BDC00776A47 /* CentmondWidgetExtension.appex */;
			productType = "com.apple.product-type.app-extension";
		};
		AA00030000000000AA000003 /* balanceTests */ = {
			isa = PBXNativeTarget;
			buildConfigurationList = AA00090000000000AA000009 /* Build configuration list for PBXNativeTarget "balanceTests" */;
			buildPhases = (
				AA00040000000000AA000004 /* Sources */,
				AA00050000000000AA000005 /* Frameworks */,
				AA00060000000000AA000006 /* Resources */,
			);
			buildRules = (
			);
			dependencies = (
				AA000B0000000000AA00000B /* PBXTargetDependency */,
			);
			fileSystemSynchronizedGroups = (
				AA00020000000000AA000002 /* balanceTests */,
			);
			name = balanceTests;
			packageProductDependencies = (
			);
			productName = balanceTests;
			productReference = AA00010000000000AA000001 /* balanceTests.xctest */;
			productType = "com.apple.product-type.bundle.unit-test";
		};
/* End PBXNativeTarget section */

/* Begin PBXProject section */
		3C4B99252F047DB8003DAE43 /* Project object */ = {
			isa = PBXProject;
			attributes = {
				BuildIndependentTargetsInParallel = 1;
				LastSwiftUpdateCheck = 2640;
				LastUpgradeCheck = 2630;
				TargetAttributes = {
					3C4B992C2F047DB8003DAE43 = {
						CreatedOnToolsVersion = 26.2;
					};
					3C7C421C2F9D81DF0022633F = {
						CreatedOnToolsVersion = 26.4.1;
					};
					3C9FBFF82F682BDC00776A47 = {
						CreatedOnToolsVersion = 26.3;
					};
					AA00030000000000AA000003 = {
						CreatedOnToolsVersion = 26.3;
						TestTargetID = 3C4B992C2F047DB8003DAE43;
					};
				};
			};
			buildConfigurationList = 3C4B99282F047DB8003DAE43 /* Build configuration list for PBXProject "balance" */;
			developmentRegion = en;
			hasScannedForEncodings = 0;
			knownRegions = (
				en,
				Base,
			);
			mainGroup = 3C4B99242F047DB8003DAE43;
			minimizedProjectReferenceProxies = 1;
			packageReferences = (
				3C76B0202F13150400223717 /* XCRemoteSwiftPackageReference "ZIPFoundation" */,
				3C9094662F2D6DE5002C123F /* XCRemoteSwiftPackageReference "GoogleSignIn-iOS" */,
				3CB0A45E2F43BF8D008FD90A /* XCRemoteSwiftPackageReference "supabase-swift" */,
				3C012F3D2F88352500C85A79 /* XCRemoteSwiftPackageReference "llama" */,
				3C04DE562F8BE0CB001AF1EC /* XCRemoteSwiftPackageReference "SkeletonUI" */,
				3C04DE592F8BE0D8001AF1EC /* XCRemoteSwiftPackageReference "SwiftUI-Flow" */,
				3C04DE5C2F8BE0EE001AF1EC /* XCRemoteSwiftPackageReference "Grid" */,
			);
			preferredProjectObjectVersion = 77;
			productRefGroup = 3C4B992E2F047DB8003DAE43 /* Products */;
			projectDirPath = "";
			projectRoot = "";
			targets = (
				3C4B992C2F047DB8003DAE43 /* balance */,
				3C9FBFF82F682BDC00776A47 /* CentmondWidgetExtension */,
				AA00030000000000AA000003 /* balanceTests */,
				3C7C421C2F9D81DF0022633F /* CentmondWidgetsExtension */,
			);
		};
/* End PBXProject section */

/* Begin PBXResourcesBuildPhase section */
		3C4B992B2F047DB8003DAE43 /* Resources */ = {
			isa = PBXResourcesBuildPhase;
			buildActionMask = 2147483647;
			files = (
			);
			runOnlyForDeploymentPostprocessing = 0;
		};
		3C7C421B2F9D81DF0022633F /* Resources */ = {
			isa = PBXResourcesBuildPhase;
			buildActionMask = 2147483647;
			files = (
			);
			runOnlyForDeploymentPostprocessing = 0;
		};
		3C9FBFF72F682BDC00776A47 /* Resources */ = {
			isa = PBXResourcesBuildPhase;
			buildActionMask = 2147483647;
			files = (
			);
			runOnlyForDeploymentPostprocessing = 0;
		};
		AA00060000000000AA000006 /* Resources */ = {
			isa = PBXResourcesBuildPhase;
			buildActionMask = 2147483647;
			files = (
			);
			runOnlyForDeploymentPostprocessing = 0;
		};
/* End PBXResourcesBuildPhase section */

/* Begin PBXSourcesBuildPhase section */
		3C4B99292F047DB8003DAE43 /* Sources */ = {
			isa = PBXSourcesBuildPhase;
			buildActionMask = 2147483647;
			files = (
			);
			runOnlyForDeploymentPostprocessing = 0;
		};
		3C7C42192F9D81DF0022633F /* Sources */ = {
			isa = PBXSourcesBuildPhase;
			buildActionMask = 2147483647;
			files = (
			);
			runOnlyForDeploymentPostprocessing = 0;
		};
		3C9FBFF52F682BDC00776A47 /* Sources */ = {
			isa = PBXSourcesBuildPhase;
			buildActionMask = 2147483647;
			files = (
			);
			runOnlyForDeploymentPostprocessing = 0;
		};
		AA00040000000000AA000004 /* Sources */ = {
			isa = PBXSourcesBuildPhase;
			buildActionMask = 2147483647;
			files = (
			);
			runOnlyForDeploymentPostprocessing = 0;
		};
/* End PBXSourcesBuildPhase section */

/* Begin PBXTargetDependency section */
		3C7C422F2F9D81E00022633F /* PBXTargetDependency */ = {
			isa = PBXTargetDependency;
			target = 3C7C421C2F9D81DF0022633F /* CentmondWidgetsExtension */;
			targetProxy = 3C7C422E2F9D81E00022633F /* PBXContainerItemProxy */;
		};
		3C9FC00B2F682BDD00776A47 /* PBXTargetDependency */ = {
			isa = PBXTargetDependency;
			target = 3C9FBFF82F682BDC00776A47 /* CentmondWidgetExtension */;
			targetProxy = 3C9FC00A2F682BDD00776A47 /* PBXContainerItemProxy */;
		};
		AA000B0000000000AA00000B /* PBXTargetDependency */ = {
			isa = PBXTargetDependency;
			target = 3C4B992C2F047DB8003DAE43 /* balance */;
			targetProxy = AA000A0000000000AA00000A /* PBXContainerItemProxy */;
		};
/* End PBXTargetDependency section */

/* Begin XCBuildConfiguration section */
		3C4B99362F047DB8003DAE43 /* Debug */ = {
			isa = XCBuildConfiguration;
			buildSettings = {
				ALWAYS_SEARCH_USER_PATHS = NO;
				ASSETCATALOG_COMPILER_GENERATE_SWIFT_ASSET_SYMBOL_EXTENSIONS = YES;
				CLANG_ANALYZER_NONNULL = YES;
				CLANG_ANALYZER_NUMBER_OBJECT_CONVERSION = YES_AGGRESSIVE;
				CLANG_CXX_LANGUAGE_STANDARD = "gnu++20";
				CLANG_ENABLE_MODULES = YES;
				CLANG_ENABLE_OBJC_ARC = YES;
				CLANG_ENABLE_OBJC_WEAK = YES;
				CLANG_WARN_BLOCK_CAPTURE_AUTORELEASING = YES;
				CLANG_WARN_BOOL_CONVERSION = YES;
				CLANG_WARN_COMMA = YES;
				CLANG_WARN_CONSTANT_CONVERSION = YES;
				CLANG_WARN_DEPRECATED_OBJC_IMPLEMENTATIONS = YES;
				CLANG_WARN_DIRECT_OBJC_ISA_USAGE = YES_ERROR;
				CLANG_WARN_DOCUMENTATION_COMMENTS = YES;
				CLANG_WARN_EMPTY_BODY = YES;
				CLANG_WARN_ENUM_CONVERSION = YES;
				CLANG_WARN_INFINITE_RECURSION = YES;
				CLANG_WARN_INT_CONVERSION = YES;
				CLANG_WARN_NON_LITERAL_NULL_CONVERSION = YES;
				CLANG_WARN_OBJC_IMPLICIT_RETAIN_SELF = YES;
				CLANG_WARN_OBJC_LITERAL_CONVERSION = YES;
				CLANG_WARN_OBJC_ROOT_CLASS = YES_ERROR;
				CLANG_WARN_QUOTED_INCLUDE_IN_FRAMEWORK_HEADER = YES;
				CLANG_WARN_RANGE_LOOP_ANALYSIS = YES;
				CLANG_WARN_STRICT_PROTOTYPES = YES;
				CLANG_WARN_SUSPICIOUS_MOVE = YES;
				CLANG_WARN_UNGUARDED_AVAILABILITY = YES_AGGRESSIVE;
				CLANG_WARN_UNREACHABLE_CODE = YES;
				CLANG_WARN__DUPLICATE_METHOD_MATCH = YES;
				COPY_PHASE_STRIP = NO;
				DEBUG_INFORMATION_FORMAT = dwarf;
				DEVELOPMENT_TEAM = 2645K3Q527;
				ENABLE_STRICT_OBJC_MSGSEND = YES;
				ENABLE_TESTABILITY = YES;
				ENABLE_USER_SCRIPT_SANDBOXING = YES;
				GCC_C_LANGUAGE_STANDARD = gnu17;
				GCC_DYNAMIC_NO_PIC = NO;
				GCC_NO_COMMON_BLOCKS = YES;
				GCC_OPTIMIZATION_LEVEL = 0;
				GCC_PREPROCESSOR_DEFINITIONS = (
					"DEBUG=1",
					"$(inherited)",
				);
				GCC_WARN_64_TO_32_BIT_CONVERSION = YES;
				GCC_WARN_ABOUT_RETURN_TYPE = YES_ERROR;
				GCC_WARN_UNDECLARED_SELECTOR = YES;
				GCC_WARN_UNINITIALIZED_AUTOS = YES_AGGRESSIVE;
				GCC_WARN_UNUSED_FUNCTION = YES;
				GCC_WARN_UNUSED_VARIABLE = YES;
				IPHONEOS_DEPLOYMENT_TARGET = 26.2;
				LOCALIZATION_PREFERS_STRING_CATALOGS = YES;
				MTL_ENABLE_DEBUG_INFO = INCLUDE_SOURCE;
				MTL_FAST_MATH = YES;
				ONLY_ACTIVE_ARCH = YES;
				SDKROOT = iphoneos;
				STRING_CATALOG_GENERATE_SYMBOLS = YES;
				SWIFT_ACTIVE_COMPILATION_CONDITIONS = "DEBUG $(inherited)";
				SWIFT_OPTIMIZATION_LEVEL = "-Onone";
			};
			name = Debug;
		};
		3C4B99372F047DB8003DAE43 /* Release */ = {
			isa = XCBuildConfiguration;
			buildSettings = {
				ALWAYS_SEARCH_USER_PATHS = NO;
				ASSETCATALOG_COMPILER_GENERATE_SWIFT_ASSET_SYMBOL_EXTENSIONS = YES;
				CLANG_ANALYZER_NONNULL = YES;
				CLANG_ANALYZER_NUMBER_OBJECT_CONVERSION = YES_AGGRESSIVE;
				CLANG_CXX_LANGUAGE_STANDARD = "gnu++20";
				CLANG_ENABLE_MODULES = YES;
				CLANG_ENABLE_OBJC_ARC = YES;
				CLANG_ENABLE_OBJC_WEAK = YES;
				CLANG_WARN_BLOCK_CAPTURE_AUTORELEASING = YES;
				CLANG_WARN_BOOL_CONVERSION = YES;
				CLANG_WARN_COMMA = YES;
				CLANG_WARN_CONSTANT_CONVERSION = YES;
				CLANG_WARN_DEPRECATED_OBJC_IMPLEMENTATIONS = YES;
				CLANG_WARN_DIRECT_OBJC_ISA_USAGE = YES_ERROR;
				CLANG_WARN_DOCUMENTATION_COMMENTS = YES;
				CLANG_WARN_EMPTY_BODY = YES;
				CLANG_WARN_ENUM_CONVERSION = YES;
				CLANG_WARN_INFINITE_RECURSION = YES;
				CLANG_WARN_INT_CONVERSION = YES;
				CLANG_WARN_NON_LITERAL_NULL_CONVERSION = YES;
				CLANG_WARN_OBJC_IMPLICIT_RETAIN_SELF = YES;
				CLANG_WARN_OBJC_LITERAL_CONVERSION = YES;
				CLANG_WARN_OBJC_ROOT_CLASS = YES_ERROR;
				CLANG_WARN_QUOTED_INCLUDE_IN_FRAMEWORK_HEADER = YES;
				CLANG_WARN_RANGE_LOOP_ANALYSIS = YES;
				CLANG_WARN_STRICT_PROTOTYPES = YES;
				CLANG_WARN_SUSPICIOUS_MOVE = YES;
				CLANG_WARN_UNGUARDED_AVAILABILITY = YES_AGGRESSIVE;
				CLANG_WARN_UNREACHABLE_CODE = YES;
				CLANG_WARN__DUPLICATE_METHOD_MATCH = YES;
				COPY_PHASE_STRIP = NO;
				DEBUG_INFORMATION_FORMAT = "dwarf-with-dsym";
				DEVELOPMENT_TEAM = 2645K3Q527;
				ENABLE_NS_ASSERTIONS = NO;
				ENABLE_STRICT_OBJC_MSGSEND = YES;
				ENABLE_USER_SCRIPT_SANDBOXING = YES;
				GCC_C_LANGUAGE_STANDARD = gnu17;
				GCC_NO_COMMON_BLOCKS = YES;
				GCC_WARN_64_TO_32_BIT_CONVERSION = YES;
				GCC_WARN_ABOUT_RETURN_TYPE = YES_ERROR;
				GCC_WARN_UNDECLARED_SELECTOR = YES;
				GCC_WARN_UNINITIALIZED_AUTOS = YES_AGGRESSIVE;
				GCC_WARN_UNUSED_FUNCTION = YES;
				GCC_WARN_UNUSED_VARIABLE = YES;
				IPHONEOS_DEPLOYMENT_TARGET = 26.2;
				LOCALIZATION_PREFERS_STRING_CATALOGS = YES;
				MTL_ENABLE_DEBUG_INFO = NO;
				MTL_FAST_MATH = YES;
				SDKROOT = iphoneos;
				STRING_CATALOG_GENERATE_SYMBOLS = YES;
				SWIFT_COMPILATION_MODE = wholemodule;
				VALIDATE_PRODUCT = YES;
			};
			name = Release;
		};
		3C4B99392F047DB8003DAE43 /* Debug */ = {
			isa = XCBuildConfiguration;
			buildSettings = {
				ASSETCATALOG_COMPILER_APPICON_NAME = "AppIcon 1";
				ASSETCATALOG_COMPILER_GLOBAL_ACCENT_COLOR_NAME = AccentColor;
				CODE_SIGN_ENTITLEMENTS = balance/balance.entitlements;
				CODE_SIGN_STYLE = Automatic;
				CURRENT_PROJECT_VERSION = 1;
				DEVELOPMENT_TEAM = 2645K3Q527;
				ENABLE_PREVIEWS = YES;
				GENERATE_INFOPLIST_FILE = NO;
				GENERATE_PKGINFO_FILE = NO;
				INFOPLIST_FILE = balance/Info.plist;
				INFOPLIST_KEY_CFBundleDisplayName = CENTMOND;
				INFOPLIST_KEY_LSApplicationCategoryType = "public.app-category.finance";
				INFOPLIST_KEY_NSCameraUsageDescription = "We need camera access to scan receipts.";
				INFOPLIST_KEY_NSFaceIDUsageDescription = "Adding FaceID for more protection when loginto the app.";
				INFOPLIST_KEY_NSPhotoLibraryUsageDescription = "We need access to your photos to scan receipt images.";
				INFOPLIST_KEY_NSSupportsLiveActivities = YES;
				INFOPLIST_KEY_UIApplicationSceneManifest_Generation = YES;
				INFOPLIST_KEY_UIApplicationSupportsIndirectInputEvents = YES;
				INFOPLIST_KEY_UILaunchScreen_Generation = YES;
				INFOPLIST_KEY_UISupportedInterfaceOrientations_iPad = "UIInterfaceOrientationPortrait UIInterfaceOrientationPortraitUpsideDown UIInterfaceOrientationLandscapeLeft UIInterfaceOrientationLandscapeRight";
				INFOPLIST_KEY_UISupportedInterfaceOrientations_iPhone = "UIInterfaceOrientationPortrait UIInterfaceOrientationLandscapeLeft UIInterfaceOrientationLandscapeRight";
				IPHONEOS_DEPLOYMENT_TARGET = 18.6;
				LD_RUNPATH_SEARCH_PATHS = (
					"$(inherited)",
					"@executable_path/Frameworks",
				);
				MARKETING_VERSION = 1.0;
				PRODUCT_BUNDLE_IDENTIFIER = mani.balance;
				PRODUCT_NAME = "$(TARGET_NAME)";
				STRING_CATALOG_GENERATE_SYMBOLS = YES;
				SUPPORTED_PLATFORMS = "iphoneos iphonesimulator";
				SUPPORTS_MACCATALYST = NO;
				SUPPORTS_MAC_DESIGNED_FOR_IPHONE_IPAD = NO;
				SUPPORTS_XR_DESIGNED_FOR_IPHONE_IPAD = NO;
				SWIFT_APPROACHABLE_CONCURRENCY = YES;
				SWIFT_DEFAULT_ACTOR_ISOLATION = MainActor;
				SWIFT_EMIT_LOC_STRINGS = YES;
				SWIFT_UPCOMING_FEATURE_MEMBER_IMPORT_VISIBILITY = YES;
				SWIFT_VERSION = 5.0;
				TARGETED_DEVICE_FAMILY = "1,2";
			};
			name = Debug;
		};
		3C4B993A2F047DB8003DAE43 /* Release */ = {
			isa = XCBuildConfiguration;
			buildSettings = {
				ASSETCATALOG_COMPILER_APPICON_NAME = "AppIcon 1";
				ASSETCATALOG_COMPILER_GLOBAL_ACCENT_COLOR_NAME = AccentColor;
				CODE_SIGN_ENTITLEMENTS = balance/balance.entitlements;
				CODE_SIGN_STYLE = Automatic;
				CURRENT_PROJECT_VERSION = 1;
				DEVELOPMENT_TEAM = 2645K3Q527;
				ENABLE_PREVIEWS = YES;
				GENERATE_INFOPLIST_FILE = NO;
				GENERATE_PKGINFO_FILE = NO;
				INFOPLIST_FILE = balance/Info.plist;
				INFOPLIST_KEY_CFBundleDisplayName = CENTMOND;
				INFOPLIST_KEY_LSApplicationCategoryType = "public.app-category.finance";
				INFOPLIST_KEY_NSCameraUsageDescription = "We need camera access to scan receipts.";
				INFOPLIST_KEY_NSFaceIDUsageDescription = "Adding FaceID for more protection when loginto the app.";
				INFOPLIST_KEY_NSPhotoLibraryUsageDescription = "We need access to your photos to scan receipt images.";
				INFOPLIST_KEY_NSSupportsLiveActivities = YES;
				INFOPLIST_KEY_UIApplicationSceneManifest_Generation = YES;
				INFOPLIST_KEY_UIApplicationSupportsIndirectInputEvents = YES;
				INFOPLIST_KEY_UILaunchScreen_Generation = YES;
				INFOPLIST_KEY_UISupportedInterfaceOrientations_iPad = "UIInterfaceOrientationPortrait UIInterfaceOrientationPortraitUpsideDown UIInterfaceOrientationLandscapeLeft UIInterfaceOrientationLandscapeRight";
				INFOPLIST_KEY_UISupportedInterfaceOrientations_iPhone = "UIInterfaceOrientationPortrait UIInterfaceOrientationLandscapeLeft UIInterfaceOrientationLandscapeRight";
				IPHONEOS_DEPLOYMENT_TARGET = 18.6;
				LD_RUNPATH_SEARCH_PATHS = (
					"$(inherited)",
					"@executable_path/Frameworks",
				);
				MARKETING_VERSION = 1.0;
				PRODUCT_BUNDLE_IDENTIFIER = mani.balance;
				PRODUCT_NAME = "$(TARGET_NAME)";
				STRING_CATALOG_GENERATE_SYMBOLS = YES;
				SUPPORTED_PLATFORMS = "iphoneos iphonesimulator";
				SUPPORTS_MACCATALYST = NO;
				SUPPORTS_MAC_DESIGNED_FOR_IPHONE_IPAD = NO;
				SUPPORTS_XR_DESIGNED_FOR_IPHONE_IPAD = NO;
				SWIFT_APPROACHABLE_CONCURRENCY = YES;
				SWIFT_DEFAULT_ACTOR_ISOLATION = MainActor;
				SWIFT_EMIT_LOC_STRINGS = YES;
				SWIFT_UPCOMING_FEATURE_MEMBER_IMPORT_VISIBILITY = YES;
				SWIFT_VERSION = 5.0;
				TARGETED_DEVICE_FAMILY = "1,2";
			};
			name = Release;
		};
		3C7C42322F9D81E00022633F /* Debug */ = {
			isa = XCBuildConfiguration;
			buildSettings = {
				ASSETCATALOG_COMPILER_GLOBAL_ACCENT_COLOR_NAME = AccentColor;
				ASSETCATALOG_COMPILER_WIDGET_BACKGROUND_COLOR_NAME = WidgetBackground;
				CODE_SIGN_STYLE = Automatic;
				CURRENT_PROJECT_VERSION = 1;
				DEVELOPMENT_TEAM = 2645K3Q527;
				GENERATE_INFOPLIST_FILE = YES;
				INFOPLIST_FILE = CentmondWidgets/Info.plist;
				INFOPLIST_KEY_CFBundleDisplayName = CentmondWidgets;
				INFOPLIST_KEY_NSHumanReadableCopyright = "";
				IPHONEOS_DEPLOYMENT_TARGET = 26.4;
				LD_RUNPATH_SEARCH_PATHS = (
					"$(inherited)",
					"@executable_path/Frameworks",
					"@executable_path/../../Frameworks",
				);
				MARKETING_VERSION = 1.0;
				PRODUCT_BUNDLE_IDENTIFIER = mani.balance.CentmondWidgets;
				PRODUCT_NAME = "$(TARGET_NAME)";
				SKIP_INSTALL = YES;
				STRING_CATALOG_GENERATE_SYMBOLS = YES;
				SWIFT_APPROACHABLE_CONCURRENCY = YES;
				SWIFT_EMIT_LOC_STRINGS = YES;
				SWIFT_UPCOMING_FEATURE_MEMBER_IMPORT_VISIBILITY = YES;
				SWIFT_VERSION = 5.0;
				TARGETED_DEVICE_FAMILY = "1,2";
			};
			name = Debug;
		};
		3C7C42332F9D81E00022633F /* Release */ = {
			isa = XCBuildConfiguration;
			buildSettings = {
				ASSETCATALOG_COMPILER_GLOBAL_ACCENT_COLOR_NAME = AccentColor;
				ASSETCATALOG_COMPILER_WIDGET_BACKGROUND_COLOR_NAME = WidgetBackground;
				CODE_SIGN_STYLE = Automatic;
				CURRENT_PROJECT_VERSION = 1;
				DEVELOPMENT_TEAM = 2645K3Q527;
				GENERATE_INFOPLIST_FILE = YES;
				INFOPLIST_FILE = CentmondWidgets/Info.plist;
				INFOPLIST_KEY_CFBundleDisplayName = CentmondWidgets;
				INFOPLIST_KEY_NSHumanReadableCopyright = "";
				IPHONEOS_DEPLOYMENT_TARGET = 26.4;
				LD_RUNPATH_SEARCH_PATHS = (
					"$(inherited)",
					"@executable_path/Frameworks",
					"@executable_path/../../Frameworks",
				);
				MARKETING_VERSION = 1.0;
				PRODUCT_BUNDLE_IDENTIFIER = mani.balance.CentmondWidgets;
				PRODUCT_NAME = "$(TARGET_NAME)";
				SKIP_INSTALL = YES;
				STRING_CATALOG_GENERATE_SYMBOLS = YES;
				SWIFT_APPROACHABLE_CONCURRENCY = YES;
				SWIFT_EMIT_LOC_STRINGS = YES;
				SWIFT_UPCOMING_FEATURE_MEMBER_IMPORT_VISIBILITY = YES;
				SWIFT_VERSION = 5.0;
				TARGETED_DEVICE_FAMILY = "1,2";
			};
			name = Release;
		};
		3C9FC00D2F682BDD00776A47 /* Debug */ = {
			isa = XCBuildConfiguration;
			buildSettings = {
				ASSETCATALOG_COMPILER_GLOBAL_ACCENT_COLOR_NAME = AccentColor;
				ASSETCATALOG_COMPILER_WIDGET_BACKGROUND_COLOR_NAME = WidgetBackground;
				CODE_SIGN_ENTITLEMENTS = CentmondWidgetExtension.entitlements;
				CODE_SIGN_STYLE = Automatic;
				CURRENT_PROJECT_VERSION = 1;
				DEVELOPMENT_TEAM = 2645K3Q527;
				GENERATE_INFOPLIST_FILE = YES;
				INFOPLIST_FILE = CentmondWidget/Info.plist;
				INFOPLIST_KEY_CFBundleDisplayName = CentmondWidget;
				INFOPLIST_KEY_NSHumanReadableCopyright = "";
				LD_RUNPATH_SEARCH_PATHS = (
					"$(inherited)",
					"@executable_path/Frameworks",
					"@executable_path/../../Frameworks",
				);
				MARKETING_VERSION = 1.0;
				PRODUCT_BUNDLE_IDENTIFIER = mani.balance.CentmondWidget;
				PRODUCT_NAME = "$(TARGET_NAME)";
				SKIP_INSTALL = YES;
				STRING_CATALOG_GENERATE_SYMBOLS = YES;
				SWIFT_APPROACHABLE_CONCURRENCY = YES;
				SWIFT_EMIT_LOC_STRINGS = YES;
				SWIFT_UPCOMING_FEATURE_MEMBER_IMPORT_VISIBILITY = YES;
				SWIFT_VERSION = 5.0;
				TARGETED_DEVICE_FAMILY = "1,2";
			};
			name = Debug;
		};
		3C9FC00E2F682BDD00776A47 /* Release */ = {
			isa = XCBuildConfiguration;
			buildSettings = {
				ASSETCATALOG_COMPILER_GLOBAL_ACCENT_COLOR_NAME = AccentColor;
				ASSETCATALOG_COMPILER_WIDGET_BACKGROUND_COLOR_NAME = WidgetBackground;
				CODE_SIGN_ENTITLEMENTS = CentmondWidgetExtension.entitlements;
				CODE_SIGN_STYLE = Automatic;
				CURRENT_PROJECT_VERSION = 1;
				DEVELOPMENT_TEAM = 2645K3Q527;
				GENERATE_INFOPLIST_FILE = YES;
				INFOPLIST_FILE = CentmondWidget/Info.plist;
				INFOPLIST_KEY_CFBundleDisplayName = CentmondWidget;
				INFOPLIST_KEY_NSHumanReadableCopyright = "";
				LD_RUNPATH_SEARCH_PATHS = (
					"$(inherited)",
					"@executable_path/Frameworks",
					"@executable_path/../../Frameworks",
				);
				MARKETING_VERSION = 1.0;
				PRODUCT_BUNDLE_IDENTIFIER = mani.balance.CentmondWidget;
				PRODUCT_NAME = "$(TARGET_NAME)";
				SKIP_INSTALL = YES;
				STRING_CATALOG_GENERATE_SYMBOLS = YES;
				SWIFT_APPROACHABLE_CONCURRENCY = YES;
				SWIFT_EMIT_LOC_STRINGS = YES;
				SWIFT_UPCOMING_FEATURE_MEMBER_IMPORT_VISIBILITY = YES;
				SWIFT_VERSION = 5.0;
				TARGETED_DEVICE_FAMILY = "1,2";
			};
			name = Release;
		};
		AA00070000000000AA000007 /* Debug */ = {
			isa = XCBuildConfiguration;
			buildSettings = {
				BUNDLE_LOADER = "$(TEST_HOST)";
				CODE_SIGN_STYLE = Automatic;
				CURRENT_PROJECT_VERSION = 1;
				DEVELOPMENT_TEAM = 2645K3Q527;
				GENERATE_INFOPLIST_FILE = YES;
				IPHONEOS_DEPLOYMENT_TARGET = 18.6;
				MARKETING_VERSION = 1.0;
				PRODUCT_BUNDLE_IDENTIFIER = mani.balance.Tests;
				PRODUCT_NAME = "$(TARGET_NAME)";
				SUPPORTED_PLATFORMS = "iphoneos iphonesimulator";
				SWIFT_APPROACHABLE_CONCURRENCY = YES;
				SWIFT_EMIT_LOC_STRINGS = NO;
				SWIFT_UPCOMING_FEATURE_MEMBER_IMPORT_VISIBILITY = YES;
				SWIFT_VERSION = 5.0;
				TARGETED_DEVICE_FAMILY = "1,2";
				TEST_HOST = "$(BUILT_PRODUCTS_DIR)/balance.app/$(BUNDLE_EXECUTABLE_FOLDER_PATH)/balance";
			};
			name = Debug;
		};
		AA00080000000000AA000008 /* Release */ = {
			isa = XCBuildConfiguration;
			buildSettings = {
				BUNDLE_LOADER = "$(TEST_HOST)";
				CODE_SIGN_STYLE = Automatic;
				CURRENT_PROJECT_VERSION = 1;
				DEVELOPMENT_TEAM = 2645K3Q527;
				GENERATE_INFOPLIST_FILE = YES;
				IPHONEOS_DEPLOYMENT_TARGET = 18.6;
				MARKETING_VERSION = 1.0;
				PRODUCT_BUNDLE_IDENTIFIER = mani.balance.Tests;
				PRODUCT_NAME = "$(TARGET_NAME)";
				SUPPORTED_PLATFORMS = "iphoneos iphonesimulator";
				SWIFT_APPROACHABLE_CONCURRENCY = YES;
				SWIFT_EMIT_LOC_STRINGS = NO;
				SWIFT_UPCOMING_FEATURE_MEMBER_IMPORT_VISIBILITY = YES;
				SWIFT_VERSION = 5.0;
				TARGETED_DEVICE_FAMILY = "1,2";
				TEST_HOST = "$(BUILT_PRODUCTS_DIR)/balance.app/$(BUNDLE_EXECUTABLE_FOLDER_PATH)/balance";
			};
			name = Release;
		};
/* End XCBuildConfiguration section */

/* Begin XCConfigurationList section */
		3C4B99282F047DB8003DAE43 /* Build configuration list for PBXProject "balance" */ = {
			isa = XCConfigurationList;
			buildConfigurations = (
				3C4B99362F047DB8003DAE43 /* Debug */,
				3C4B99372F047DB8003DAE43 /* Release */,
			);
			defaultConfigurationIsVisible = 0;
			defaultConfigurationName = Release;
		};
		3C4B99382F047DB8003DAE43 /* Build configuration list for PBXNativeTarget "balance" */ = {
			isa = XCConfigurationList;
			buildConfigurations = (
				3C4B99392F047DB8003DAE43 /* Debug */,
				3C4B993A2F047DB8003DAE43 /* Release */,
			);
			defaultConfigurationIsVisible = 0;
			defaultConfigurationName = Release;
		};
		3C7C42312F9D81E00022633F /* Build configuration list for PBXNativeTarget "CentmondWidgetsExtension" */ = {
			isa = XCConfigurationList;
			buildConfigurations = (
				3C7C42322F9D81E00022633F /* Debug */,
				3C7C42332F9D81E00022633F /* Release */,
			);
			defaultConfigurationIsVisible = 0;
			defaultConfigurationName = Release;
		};
		3C9FC00F2F682BDD00776A47 /* Build configuration list for PBXNativeTarget "CentmondWidgetExtension" */ = {
			isa = XCConfigurationList;
			buildConfigurations = (
				3C9FC00D2F682BDD00776A47 /* Debug */,
				3C9FC00E2F682BDD00776A47 /* Release */,
			);
			defaultConfigurationIsVisible = 0;
			defaultConfigurationName = Release;
		};
		AA00090000000000AA000009 /* Build configuration list for PBXNativeTarget "balanceTests" */ = {
			isa = XCConfigurationList;
			buildConfigurations = (
				AA00070000000000AA000007 /* Debug */,
				AA00080000000000AA000008 /* Release */,
			);
			defaultConfigurationIsVisible = 0;
			defaultConfigurationName = Release;
		};
/* End XCConfigurationList section */

/* Begin XCRemoteSwiftPackageReference section */
		3C012F3D2F88352500C85A79 /* XCRemoteSwiftPackageReference "llama" */ = {
			isa = XCRemoteSwiftPackageReference;
			repositoryURL = "https://github.com/mattt/llama.swift";
			requirement = {
				kind = upToNextMajorVersion;
				minimumVersion = 2.8728.0;
			};
		};
		3C04DE562F8BE0CB001AF1EC /* XCRemoteSwiftPackageReference "SkeletonUI" */ = {
			isa = XCRemoteSwiftPackageReference;
			repositoryURL = "https://github.com/CSolanaM/SkeletonUI";
			requirement = {
				kind = upToNextMajorVersion;
				minimumVersion = 2.0.2;
			};
		};
		3C04DE592F8BE0D8001AF1EC /* XCRemoteSwiftPackageReference "SwiftUI-Flow" */ = {
			isa = XCRemoteSwiftPackageReference;
			repositoryURL = "https://github.com/tevelee/SwiftUI-Flow";
			requirement = {
				kind = upToNextMajorVersion;
				minimumVersion = 3.1.1;
			};
		};
		3C04DE5C2F8BE0EE001AF1EC /* XCRemoteSwiftPackageReference "Grid" */ = {
			isa = XCRemoteSwiftPackageReference;
			repositoryURL = "https://github.com/exyte/Grid";
			requirement = {
				kind = upToNextMajorVersion;
				minimumVersion = 1.5.0;
			};
		};
		3C76B0202F13150400223717 /* XCRemoteSwiftPackageReference "ZIPFoundation" */ = {
			isa = XCRemoteSwiftPackageReference;
			repositoryURL = "https://github.com/weichsel/ZIPFoundation";
			requirement = {
				kind = upToNextMajorVersion;
				minimumVersion = 0.9.20;
			};
		};
		3C9094662F2D6DE5002C123F /* XCRemoteSwiftPackageReference "GoogleSignIn-iOS" */ = {
			isa = XCRemoteSwiftPackageReference;
			repositoryURL = "https://github.com/google/GoogleSignIn-iOS";
			requirement = {
				kind = upToNextMajorVersion;
				minimumVersion = 9.1.0;
			};
		};
		3CB0A45E2F43BF8D008FD90A /* XCRemoteSwiftPackageReference "supabase-swift" */ = {
			isa = XCRemoteSwiftPackageReference;
			repositoryURL = "https://github.com/supabase/supabase-swift";
			requirement = {
				kind = upToNextMajorVersion;
				minimumVersion = 2.5.1;
			};
		};
/* End XCRemoteSwiftPackageReference section */

/* Begin XCSwiftPackageProductDependency section */
		3C012F3E2F88352500C85A79 /* LlamaSwift */ = {
			isa = XCSwiftPackageProductDependency;
			package = 3C012F3D2F88352500C85A79 /* XCRemoteSwiftPackageReference "llama" */;
			productName = LlamaSwift;
		};
		3C04DE572F8BE0CB001AF1EC /* SkeletonUI */ = {
			isa = XCSwiftPackageProductDependency;
			package = 3C04DE562F8BE0CB001AF1EC /* XCRemoteSwiftPackageReference "SkeletonUI" */;
			productName = SkeletonUI;
		};
		3C04DE5A2F8BE0D8001AF1EC /* Flow */ = {
			isa = XCSwiftPackageProductDependency;
			package = 3C04DE592F8BE0D8001AF1EC /* XCRemoteSwiftPackageReference "SwiftUI-Flow" */;
			productName = Flow;
		};
		3C04DE5D2F8BE0EE001AF1EC /* ExyteGrid */ = {
			isa = XCSwiftPackageProductDependency;
			package = 3C04DE5C2F8BE0EE001AF1EC /* XCRemoteSwiftPackageReference "Grid" */;
			productName = ExyteGrid;
		};
		3C76B0212F13150400223717 /* ZIPFoundation */ = {
			isa = XCSwiftPackageProductDependency;
			package = 3C76B0202F13150400223717 /* XCRemoteSwiftPackageReference "ZIPFoundation" */;
			productName = ZIPFoundation;
		};
		3C9094672F2D6DE5002C123F /* GoogleSignIn */ = {
			isa = XCSwiftPackageProductDependency;
			package = 3C9094662F2D6DE5002C123F /* XCRemoteSwiftPackageReference "GoogleSignIn-iOS" */;
			productName = GoogleSignIn;
		};
		3C9094692F2D6DE5002C123F /* GoogleSignInSwift */ = {
			isa = XCSwiftPackageProductDependency;
			package = 3C9094662F2D6DE5002C123F /* XCRemoteSwiftPackageReference "GoogleSignIn-iOS" */;
			productName = GoogleSignInSwift;
		};
		3CB0A45F2F43BF8D008FD90A /* Auth */ = {
			isa = XCSwiftPackageProductDependency;
			package = 3CB0A45E2F43BF8D008FD90A /* XCRemoteSwiftPackageReference "supabase-swift" */;
			productName = Auth;
		};
		3CB0A4612F43BF8D008FD90A /* Functions */ = {
			isa = XCSwiftPackageProductDependency;
			package = 3CB0A45E2F43BF8D008FD90A /* XCRemoteSwiftPackageReference "supabase-swift" */;
			productName = Functions;
		};
		3CB0A4632F43BF8D008FD90A /* PostgREST */ = {
			isa = XCSwiftPackageProductDependency;
			package = 3CB0A45E2F43BF8D008FD90A /* XCRemoteSwiftPackageReference "supabase-swift" */;
			productName = PostgREST;
		};
		3CB0A4652F43BF8D008FD90A /* Realtime */ = {
			isa = XCSwiftPackageProductDependency;
			package = 3CB0A45E2F43BF8D008FD90A /* XCRemoteSwiftPackageReference "supabase-swift" */;
			productName = Realtime;
		};
		3CB0A4672F43BF8D008FD90A /* Storage */ = {
			isa = XCSwiftPackageProductDependency;
			package = 3CB0A45E2F43BF8D008FD90A /* XCRemoteSwiftPackageReference "supabase-swift" */;
			productName = Storage;
		};
		3CB0A4692F43BF8D008FD90A /* Supabase */ = {
			isa = XCSwiftPackageProductDependency;
			package = 3CB0A45E2F43BF8D008FD90A /* XCRemoteSwiftPackageReference "supabase-swift" */;
			productName = Supabase;
		};
/* End XCSwiftPackageProductDependency section */
	};
	rootObject = 3C4B99252F047DB8003DAE43 /* Project object */;
}
